
Microsoft Visual Studio Solution File, Format Version 12.00
# Visual Studio 15
VisualStudioVersion = 15.0.27703.2047
MinimumVisualStudioVersion = 10.0.40219.1
Project("{FAE04EC0-301F-11D3-BF4B-00C04F79EFBC}") = "TallerApis.Apis", "TallerApis.Apis\TallerApis.Apis.csproj", "{EC338FC4-7708-4EE9-A4AD-2F6972C8BBD5}"
EndProject
Global
	GlobalSection(SolutionConfigurationPlatforms) = preSolution
		Debug|Any CPU = Debug|Any CPU
		Release|Any CPU = Release|Any CPU
	EndGlobalSection
	GlobalSection(ProjectConfigurationPlatforms) = postSolution
		{EC338FC4-7708-4EE9-A4AD-2F6972C8BBD5}.Debug|Any CPU.ActiveCfg = Debug|Any CPU
		{EC338FC4-7708-4EE9-A4AD-2F6972C8BBD5}.Debug|Any CPU.Build.0 = Debug|Any CPU
		{EC338FC4-7708-4EE9-A4AD-2F6972C8BBD5}.Release|Any CPU.ActiveCfg = Release|Any CPU
		{EC338FC4-7708-4EE9-A4AD-2F6972C8BBD5}.Release|Any CPU.Build.0 = Release|Any CPU
	EndGlobalSection
	GlobalSection(SolutionProperties) = preSolution
		HideSolutionNode = FALSE
	EndGlobalSection
	GlobalSection(ExtensibilityGlobals) = postSolution
		SolutionGuid = {F921A776-A500-4483-A0C2-F97652FE5BA4}
	EndGlobalSection
EndGlobal
